
Microsoft Visual Studio Solution File, Format Version 12.00
# Visual Studio Version 17
VisualStudioVersion = 17.4.32804.182
MinimumVisualStudioVersion = 10.0.40219.1
Project("{FAE04EC0-301F-11D3-BF4B-00C04F79EFBC}") = "RMSDataManager", "RMSDataManager\RMSDataManager.csproj", "{9AECC746-C596-4594-A766-E94F5E8CBD8A}"
EndProject
Project("{00D1A9C2-B5F0-4AF3-8072-F6C62B433612}") = "RMSData", "RMSData\RMSData.sqlproj", "{E46113E5-7400-4DD4-9745-77700B1F5237}"
EndProject
Project("{FAE04EC0-301F-11D3-BF4B-00C04F79EFBC}") = "RMSDesktopUI", "RMSDesktopUI\RMSDesktopUI.csproj", "{8FBC01D7-DDC5-4CA9-84A7-6AF861FA852E}"
EndProject
Project("{FAE04EC0-301F-11D3-BF4B-00C04F79EFBC}") = "RMSDataManager.Library", "RMSDataManager.Library\RMSDataManager.Library.csproj", "{588147D5-2E89-4A58-9B8B-68A7B04452E9}"
EndProject
Project("{FAE04EC0-301F-11D3-BF4B-00C04F79EFBC}") = "RMSDesktopUI.Library", "RMSDesktopUI.Library\RMSDesktopUI.Library.csproj", "{86CE7A58-D350-4301-AC9B-E573C22D18CC}"
EndProject
Global
	GlobalSection(SolutionConfigurationPlatforms) = preSolution
		Debug|Any CPU = Debug|Any CPU
		Release|Any CPU = Release|Any CPU
	EndGlobalSection
	GlobalSection(ProjectConfigurationPlatforms) = postSolution
		{9AECC746-C596-4594-A766-E94F5E8CBD8A}.Debug|Any CPU.ActiveCfg = Debug|Any CPU
		{9AECC746-C596-4594-A766-E94F5E8CBD8A}.Debug|Any CPU.Build.0 = Debug|Any CPU
		{9AECC746-C596-4594-A766-E94F5E8CBD8A}.Release|Any CPU.ActiveCfg = Release|Any CPU
		{9AECC746-C596-4594-A766-E94F5E8CBD8A}.Release|Any CPU.Build.0 = Release|Any CPU
		{E46113E5-7400-4DD4-9745-77700B1F5237}.Debug|Any CPU.ActiveCfg = Debug|Any CPU
		{E46113E5-7400-4DD4-9745-77700B1F5237}.Debug|Any CPU.Build.0 = Debug|Any CPU
		{E46113E5-7400-4DD4-9745-77700B1F5237}.Debug|Any CPU.Deploy.0 = Debug|Any CPU
		{E46113E5-7400-4DD4-9745-77700B1F5237}.Release|Any CPU.ActiveCfg = Release|Any CPU
		{E46113E5-7400-4DD4-9745-77700B1F5237}.Release|Any CPU.Build.0 = Release|Any CPU
		{E46113E5-7400-4DD4-9745-77700B1F5237}.Release|Any CPU.Deploy.0 = Release|Any CPU
		{8FBC01D7-DDC5-4CA9-84A7-6AF861FA852E}.Debug|Any CPU.ActiveCfg = Debug|Any CPU
		{8FBC01D7-DDC5-4CA9-84A7-6AF861FA852E}.Debug|Any CPU.Build.0 = Debug|Any CPU
		{8FBC01D7-DDC5-4CA9-84A7-6AF861FA852E}.Release|Any CPU.ActiveCfg = Release|Any CPU
		{8FBC01D7-DDC5-4CA9-84A7-6AF861FA852E}.Release|Any CPU.Build.0 = Release|Any CPU
		{588147D5-2E89-4A58-9B8B-68A7B04452E9}.Debug|Any CPU.ActiveCfg = Debug|Any CPU
		{588147D5-2E89-4A58-9B8B-68A7B04452E9}.Debug|Any CPU.Build.0 = Debug|Any CPU
		{588147D5-2E89-4A58-9B8B-68A7B04452E9}.Release|Any CPU.ActiveCfg = Release|Any CPU
		{588147D5-2E89-4A58-9B8B-68A7B04452E9}.Release|Any CPU.Build.0 = Release|Any CPU
		{86CE7A58-D350-4301-AC9B-E573C22D18CC}.Debug|Any CPU.ActiveCfg = Debug|Any CPU
		{86CE7A58-D350-4301-AC9B-E573C22D18CC}.Debug|Any CPU.Build.0 = Debug|Any CPU
		{86CE7A58-D350-4301-AC9B-E573C22D18CC}.Release|Any CPU.ActiveCfg = Release|Any CPU
		{86CE7A58-D350-4301-AC9B-E573C22D18CC}.Release|Any CPU.Build.0 = Release|Any CPU
	EndGlobalSection
	GlobalSection(SolutionProperties) = preSolution
		HideSolutionNode = FALSE
	EndGlobalSection
	GlobalSection(ExtensibilityGlobals) = postSolution
		SolutionGuid = {9CB7B19D-B807-49E6-969B-7EDB027C09A3}
	EndGlobalSection
EndGlobal
